
Microsoft Visual Studio Solution File, Format Version 12.00
# Visual Studio Version 17
VisualStudioVersion = 17.9.34728.123
MinimumVisualStudioVersion = 10.0.40219.1
Project("{FAE04EC0-301F-11D3-BF4B-00C04F79EFBC}") = "HelloHalcon", "HelloHalcon\HelloHalcon.csproj", "{94A5D98C-F862-4636-879D-5C2061C4CE41}"
EndProject
Global
	GlobalSection(SolutionConfigurationPlatforms) = preSolution
		Debug|Any CPU = Debug|Any CPU
		Debug|x64 = Debug|x64
		Release|Any CPU = Release|Any CPU
		Release|x64 = Release|x64
	EndGlobalSection
	GlobalSection(ProjectConfigurationPlatforms) = postSolution
		{94A5D98C-F862-4636-879D-5C2061C4CE41}.Debug|Any CPU.ActiveCfg = Debug|Any CPU
		{94A5D98C-F862-4636-879D-5C2061C4CE41}.Debug|Any CPU.Build.0 = Debug|Any CPU
		{94A5D98C-F862-4636-879D-5C2061C4CE41}.Debug|x64.ActiveCfg = Debug|x64
		{94A5D98C-F862-4636-879D-5C2061C4CE41}.Debug|x64.Build.0 = Debug|x64
		{94A5D98C-F862-4636-879D-5C2061C4CE41}.Release|Any CPU.ActiveCfg = Release|Any CPU
		{94A5D98C-F862-4636-879D-5C2061C4CE41}.Release|Any CPU.Build.0 = Release|Any CPU
		{94A5D98C-F862-4636-879D-5C2061C4CE41}.Release|x64.ActiveCfg = Release|x64
		{94A5D98C-F862-4636-879D-5C2061C4CE41}.Release|x64.Build.0 = Release|x64
	EndGlobalSection
	GlobalSection(SolutionProperties) = preSolution
		HideSolutionNode = FALSE
	EndGlobalSection
	GlobalSection(ExtensibilityGlobals) = postSolution
		SolutionGuid = {E73AAB19-4635-43F7-8500-73662D1D4BB2}
	EndGlobalSection
EndGlobal
